// !$*UTF8*$!
{
	archiveVersion = 1;
	classes = {
	};
	objectVersion = 55;
	objects = {

/* Begin PBXBuildFile section */
		486D75DD27035F8E004DE68E /* AppDelegate.swift in Sources */ = {isa = PBXBuildFile; fileRef = 486D75DC27035F8E004DE68E /* AppDelegate.swift */; };
		486D75DF27035F8E004DE68E /* SceneDelegate.swift in Sources */ = {isa = PBXBuildFile; fileRef = 486D75DE27035F8E004DE68E /* SceneDelegate.swift */; };
		486D75E127035F8E004DE68E /* ViewController.swift in Sources */ = {isa = PBXBuildFile; fileRef = 486D75E027035F8E004DE68E /* ViewController.swift */; };
		486D75E427035F8E004DE68E /* Main.storyboard in Resources */ = {isa = PBXBuildFile; fileRef = 486D75E227035F8E004DE68E /* Main.storyboard */; };
		486D75E627035F90004DE68E /* Assets.xcassets in Resources */ = {isa = PBXBuildFile; fileRef = 486D75E527035F90004DE68E /* Assets.xcassets */; };
		486D75E927035F90004DE68E /* LaunchScreen.storyboard in Resources */ = {isa = PBXBuildFile; fileRef = 486D75E727035F90004DE68E /* LaunchScreen.storyboard */; };
		486F79D62739E57E003A4DC5 /* WordViewController.swift in Sources */ = {isa = PBXBuildFile; fileRef = 486F79D52739E57E003A4DC5 /* WordViewController.swift */; };
		486F79D82739E5F8003A4DC5 /* ScoreViewController.swift in Sources */ = {isa = PBXBuildFile; fileRef = 486F79D72739E5F8003A4DC5 /* ScoreViewController.swift */; };
		486F79DA2739F49C003A4DC5 /* words.csv in Resources */ = {isa = PBXBuildFile; fileRef = 486F79D92739F49C003A4DC5 /* words.csv */; };
		4893291A273F59D800D1DA1F /* CheckWordViewController.swift in Sources */ = {isa = PBXBuildFile; fileRef = 48932919273F59D800D1DA1F /* CheckWordViewController.swift */; };
		48FF1E482771AED1008CE593 /* wordsA.csv in Resources */ = {isa = PBXBuildFile; fileRef = 48FF1E472771AED1008CE593 /* wordsA.csv */; };
		48FF1E4A2771AFB8008CE593 /* SettingViewController.swift in Sources */ = {isa = PBXBuildFile; fileRef = 48FF1E492771AFB8008CE593 /* SettingViewController.swift */; };
		48FF1E4E2771BEAB008CE593 /* wordsA1.csv in Resources */ = {isa = PBXBuildFile; fileRef = 48FF1E4D2771BEAB008CE593 /* wordsA1.csv */; };
		48FF1E502771BEC6008CE593 /* wordsA2.csv in Resources */ = {isa = PBXBuildFile; fileRef = 48FF1E4F2771BEC6008CE593 /* wordsA2.csv */; };
		48FF1E522771BED5008CE593 /* wordsA3.csv in Resources */ = {isa = PBXBuildFile; fileRef = 48FF1E512771BED5008CE593 /* wordsA3.csv */; };
		48FF1E542771BEEA008CE593 /* wordsA4.csv in Resources */ = {isa = PBXBuildFile; fileRef = 48FF1E532771BEEA008CE593 /* wordsA4.csv */; };
		48FF1E562771BEF7008CE593 /* wordsB1.csv in Resources */ = {isa = PBXBuildFile; fileRef = 48FF1E552771BEF7008CE593 /* wordsB1.csv */; };
		48FF1E582771BF25008CE593 /* wordsB2.csv in Resources */ = {isa = PBXBuildFile; fileRef = 48FF1E572771BF25008CE593 /* wordsB2.csv */; };
		48FF1E5A2771BF35008CE593 /* wordsB3.csv in Resources */ = {isa = PBXBuildFile; fileRef = 48FF1E592771BF35008CE593 /* wordsB3.csv */; };
		48FF1E5C2771BF40008CE593 /* wordsB4.csv in Resources */ = {isa = PBXBuildFile; fileRef = 48FF1E5B2771BF40008CE593 /* wordsB4.csv */; };
/* End PBXBuildFile section */

/* Begin PBXFileReference section */
		486D75D927035F8E004DE68E /* Flashcard.app */ = {isa = PBXFileReference; explicitFileType = wrapper.application; includeInIndex = 0; path = Flashcard.app; sourceTree = BUILT_PRODUCTS_DIR; };
		486D75DC27035F8E004DE68E /* AppDelegate.swift */ = {isa = PBXFileReference; lastKnownFileType = sourcecode.swift; path = AppDelegate.swift; sourceTree = "<group>"; };
		486D75DE27035F8E004DE68E /* SceneDelegate.swift */ = {isa = PBXFileReference; lastKnownFileType = sourcecode.swift; path = SceneDelegate.swift; sourceTree = "<group>"; };
		486D75E027035F8E004DE68E /* ViewController.swift */ = {isa = PBXFileReference; lastKnownFileType = sourcecode.swift; path = ViewController.swift; sourceTree = "<group>"; };
		486D75E327035F8E004DE68E /* Base */ = {isa = PBXFileReference; lastKnownFileType = file.storyboard; name = Base; path = Base.lproj/Main.storyboard; sourceTree = "<group>"; };
		486D75E527035F90004DE68E /* Assets.xcassets */ = {isa = PBXFileReference; lastKnownFileType = folder.assetcatalog; path = Assets.xcassets; sourceTree = "<group>"; };
		486D75E827035F90004DE68E /* Base */ = {isa = PBXFileReference; lastKnownFileType = file.storyboard; name = Base; path = Base.lproj/LaunchScreen.storyboard; sourceTree = "<group>"; };
		486D75EA27035F90004DE68E /* Info.plist */ = {isa = PBXFileReference; lastKnownFileType = text.plist.xml; path = Info.plist; sourceTree = "<group>"; };
		486F79D52739E57E003A4DC5 /* WordViewController.swift */ = {isa = PBXFileReference; lastKnownFileType = sourcecode.swift; path = WordViewController.swift; sourceTree = "<group>"; };
		486F79D72739E5F8003A4DC5 /* ScoreViewController.swift */ = {isa = PBXFileReference; lastKnownFileType = sourcecode.swift; path = ScoreViewController.swift; sourceTree = "<group>"; };
		486F79D92739F49C003A4DC5 /* words.csv */ = {isa = PBXFileReference; lastKnownFileType = text; path = words.csv; sourceTree = "<group>"; };
		48932919273F59D800D1DA1F /* CheckWordViewController.swift */ = {isa = PBXFileReference; lastKnownFileType = sourcecode.swift; path = CheckWordViewController.swift; sourceTree = "<group>"; };
		48FF1E472771AED1008CE593 /* wordsA.csv */ = {isa = PBXFileReference; lastKnownFileType = text; path = wordsA.csv; sourceTree = "<group>"; };
		48FF1E492771AFB8008CE593 /* SettingViewController.swift */ = {isa = PBXFileReference; lastKnownFileType = sourcecode.swift; path = SettingViewController.swift; sourceTree = "<group>"; };
		48FF1E4D2771BEAB008CE593 /* wordsA1.csv */ = {isa = PBXFileReference; lastKnownFileType = text; path = wordsA1.csv; sourceTree = "<group>"; };
		48FF1E4F2771BEC6008CE593 /* wordsA2.csv */ = {isa = PBXFileReference; lastKnownFileType = text; path = wordsA2.csv; sourceTree = "<group>"; };
		48FF1E512771BED5008CE593 /* wordsA3.csv */ = {isa = PBXFileReference; lastKnownFileType = text; path = wordsA3.csv; sourceTree = "<group>"; };
		48FF1E532771BEEA008CE593 /* wordsA4.csv */ = {isa = PBXFileReference; lastKnownFileType = text; path = wordsA4.csv; sourceTree = "<group>"; };
		48FF1E552771BEF7008CE593 /* wordsB1.csv */ = {isa = PBXFileReference; lastKnownFileType = text; path = wordsB1.csv; sourceTree = "<group>"; };
		48FF1E572771BF25008CE593 /* wordsB2.csv */ = {isa = PBXFileReference; lastKnownFileType = text; path = wordsB2.csv; sourceTree = "<group>"; };
		48FF1E592771BF35008CE593 /* wordsB3.csv */ = {isa = PBXFileReference; lastKnownFileType = text; path = wordsB3.csv; sourceTree = "<group>"; };
		48FF1E5B2771BF40008CE593 /* wordsB4.csv */ = {isa = PBXFileReference; lastKnownFileType = text; path = wordsB4.csv; sourceTree = "<group>"; };
/* End PBXFileReference section */

/* Begin PBXFrameworksBuildPhase section */
		486D75D627035F8E004DE68E /* Frameworks */ = {
			isa = PBXFrameworksBuildPhase;
			buildActionMask = 2147483647;
			files = (
			);
			runOnlyForDeploymentPostprocessing = 0;
		};
/* End PBXFrameworksBuildPhase section */

/* Begin PBXGroup section */
		486D75D027035F8E004DE68E = {
			isa = PBXGroup;
			children = (
				486D75DB27035F8E004DE68E /* Flashcard */,
				486D75DA27035F8E004DE68E /* Products */,
			);
			sourceTree = "<group>";
		};
		486D75DA27035F8E004DE68E /* Products */ = {
			isa = PBXGroup;
			children = (
				486D75D927035F8E004DE68E /* Flashcard.app */,
			);
			name = Products;
			sourceTree = "<group>";
		};
		486D75DB27035F8E004DE68E /* Flashcard */ = {
			isa = PBXGroup;
			children = (
				486F79D92739F49C003A4DC5 /* words.csv */,
				48FF1E472771AED1008CE593 /* wordsA.csv */,
				48FF1E4D2771BEAB008CE593 /* wordsA1.csv */,
				48FF1E4F2771BEC6008CE593 /* wordsA2.csv */,
				48FF1E512771BED5008CE593 /* wordsA3.csv */,
				48FF1E532771BEEA008CE593 /* wordsA4.csv */,
				48FF1E552771BEF7008CE593 /* wordsB1.csv */,
				48FF1E572771BF25008CE593 /* wordsB2.csv */,
				48FF1E592771BF35008CE593 /* wordsB3.csv */,
				48FF1E5B2771BF40008CE593 /* wordsB4.csv */,
				486D75EA27035F90004DE68E /* Info.plist */,
				486D75DC27035F8E004DE68E /* AppDelegate.swift */,
				48932919273F59D800D1DA1F /* CheckWordViewController.swift */,
				486D75DE27035F8E004DE68E /* SceneDelegate.swift */,
				486F79D72739E5F8003A4DC5 /* ScoreViewController.swift */,
				48FF1E492771AFB8008CE593 /* SettingViewController.swift */,
				486D75E027035F8E004DE68E /* ViewController.swift */,
				486F79D52739E57E003A4DC5 /* WordViewController.swift */,
				486D75E527035F90004DE68E /* Assets.xcassets */,
				486D75E727035F90004DE68E /* LaunchScreen.storyboard */,
				486D75E227035F8E004DE68E /* Main.storyboard */,
			);
			path = Flashcard;
			sourceTree = "<group>";
		};
/* End PBXGroup section */

/* Begin PBXNativeTarget section */
		486D75D827035F8E004DE68E /* Flashcard */ = {
			isa = PBXNativeTarget;
			buildConfigurationList = 486D75ED27035F90004DE68E /* Build configuration list for PBXNativeTarget "Flashcard" */;
			buildPhases = (
				486D75D527035F8E004DE68E /* Sources */,
				486D75D627035F8E004DE68E /* Frameworks */,
				486D75D727035F8E004DE68E /* Resources */,
			);
			buildRules = (
			);
			dependencies = (
			);
			name = Flashcard;
			productName = Flashcard;
			productReference = 486D75D927035F8E004DE68E /* Flashcard.app */;
			productType = "com.apple.product-type.application";
		};
/* End PBXNativeTarget section */

/* Begin PBXProject section */
		486D75D127035F8E004DE68E /* Project object */ = {
			isa = PBXProject;
			attributes = {
				BuildIndependentTargetsInParallel = 1;
				LastSwiftUpdateCheck = 1300;
				LastUpgradeCheck = 1300;
				TargetAttributes = {
					486D75D827035F8E004DE68E = {
						CreatedOnToolsVersion = 13.0;
					};
				};
			};
			buildConfigurationList = 486D75D427035F8E004DE68E /* Build configuration list for PBXProject "Flashcard" */;
			compatibilityVersion = "Xcode 13.0";
			developmentRegion = en;
			hasScannedForEncodings = 0;
			knownRegions = (
				en,
				Base,
			);
			mainGroup = 486D75D027035F8E004DE68E;
			productRefGroup = 486D75DA27035F8E004DE68E /* Products */;
			projectDirPath = "";
			projectRoot = "";
			targets = (
				486D75D827035F8E004DE68E /* Flashcard */,
			);
		};
/* End PBXProject section */

/* Begin PBXResourcesBuildPhase section */
		486D75D727035F8E004DE68E /* Resources */ = {
			isa = PBXResourcesBuildPhase;
			buildActionMask = 2147483647;
			files = (
				48FF1E522771BED5008CE593 /* wordsA3.csv in Resources */,
				48FF1E5A2771BF35008CE593 /* wordsB3.csv in Resources */,
				486D75E927035F90004DE68E /* LaunchScreen.storyboard in Resources */,
				486D75E627035F90004DE68E /* Assets.xcassets in Resources */,
				486F79DA2739F49C003A4DC5 /* words.csv in Resources */,
				48FF1E542771BEEA008CE593 /* wordsA4.csv in Resources */,
				48FF1E562771BEF7008CE593 /* wordsB1.csv in Resources */,
				48FF1E502771BEC6008CE593 /* wordsA2.csv in Resources */,
				486D75E427035F8E004DE68E /* Main.storyboard in Resources */,
				48FF1E5C2771BF40008CE593 /* wordsB4.csv in Resources */,
				48FF1E582771BF25008CE593 /* wordsB2.csv in Resources */,
				48FF1E4E2771BEAB008CE593 /* wordsA1.csv in Resources */,
				48FF1E482771AED1008CE593 /* wordsA.csv in Resources */,
			);
			runOnlyForDeploymentPostprocessing = 0;
		};
/* End PBXResourcesBuildPhase section */

/* Begin PBXSourcesBuildPhase section */
		486D75D527035F8E004DE68E /* Sources */ = {
			isa = PBXSourcesBuildPhase;
			buildActionMask = 2147483647;
			files = (
				486D75E127035F8E004DE68E /* ViewController.swift in Sources */,
				486D75DD27035F8E004DE68E /* AppDelegate.swift in Sources */,
				486F79D82739E5F8003A4DC5 /* ScoreViewController.swift in Sources */,
				486F79D62739E57E003A4DC5 /* WordViewController.swift in Sources */,
				486D75DF27035F8E004DE68E /* SceneDelegate.swift in Sources */,
				48FF1E4A2771AFB8008CE593 /* SettingViewController.swift in Sources */,
				4893291A273F59D800D1DA1F /* CheckWordViewController.swift in Sources */,
			);
			runOnlyForDeploymentPostprocessing = 0;
		};
/* End PBXSourcesBuildPhase section */

/* Begin PBXVariantGroup section */
		486D75E227035F8E004DE68E /* Main.storyboard */ = {
			isa = PBXVariantGroup;
			children = (
				486D75E327035F8E004DE68E /* Base */,
			);
			name = Main.storyboard;
			sourceTree = "<group>";
		};
		486D75E727035F90004DE68E /* LaunchScreen.storyboard */ = {
			isa = PBXVariantGroup;
			children = (
				486D75E827035F90004DE68E /* Base */,
			);
			name = LaunchScreen.storyboard;
			sourceTree = "<group>";
		};
/* End PBXVariantGroup section */

/* Begin XCBuildConfiguration section */
		486D75EB27035F90004DE68E /* Debug */ = {
			isa = XCBuildConfiguration;
			buildSettings = {
				ALWAYS_SEARCH_USER_PATHS = NO;
				CLANG_ANALYZER_NONNULL = YES;
				CLANG_ANALYZER_NUMBER_OBJECT_CONVERSION = YES_AGGRESSIVE;
				CLANG_CXX_LANGUAGE_STANDARD = "gnu++17";
				CLANG_CXX_LIBRARY = "libc++";
				CLANG_ENABLE_MODULES = YES;
				CLANG_ENABLE_OBJC_ARC = YES;
				CLANG_ENABLE_OBJC_WEAK = YES;
				CLANG_WARN_BLOCK_CAPTURE_AUTORELEASING = YES;
				CLANG_WARN_BOOL_CONVERSION = YES;
				CLANG_WARN_COMMA = YES;
				CLANG_WARN_CONSTANT_CONVERSION = YES;
				CLANG_WARN_DEPRECATED_OBJC_IMPLEMENTATIONS = YES;
				CLANG_WARN_DIRECT_OBJC_ISA_USAGE = YES_ERROR;
				CLANG_WARN_DOCUMENTATION_COMMENTS = YES;
				CLANG_WARN_EMPTY_BODY = YES;
				CLANG_WARN_ENUM_CONVERSION = YES;
				CLANG_WARN_INFINITE_RECURSION = YES;
				CLANG_WARN_INT_CONVERSION = YES;
				CLANG_WARN_NON_LITERAL_NULL_CONVERSION = YES;
				CLANG_WARN_OBJC_IMPLICIT_RETAIN_SELF = YES;
				CLANG_WARN_OBJC_LITERAL_CONVERSION = YES;
				CLANG_WARN_OBJC_ROOT_CLASS = YES_ERROR;
				CLANG_WARN_QUOTED_INCLUDE_IN_FRAMEWORK_HEADER = YES;
				CLANG_WARN_RANGE_LOOP_ANALYSIS = YES;
				CLANG_WARN_STRICT_PROTOTYPES = YES;
				CLANG_WARN_SUSPICIOUS_MOVE = YES;
				CLANG_WARN_UNGUARDED_AVAILABILITY = YES_AGGRESSIVE;
				CLANG_WARN_UNREACHABLE_CODE = YES;
				CLANG_WARN__DUPLICATE_METHOD_MATCH = YES;
				COPY_PHASE_STRIP = NO;
				DEBUG_INFORMATION_FORMAT = dwarf;
				ENABLE_STRICT_OBJC_MSGSEND = YES;
				ENABLE_TESTABILITY = YES;
				GCC_C_LANGUAGE_STANDARD = gnu11;
				GCC_DYNAMIC_NO_PIC = NO;
				GCC_NO_COMMON_BLOCKS = YES;
				GCC_OPTIMIZATION_LEVEL = 0;
				GCC_PREPROCESSOR_DEFINITIONS = (
					"DEBUG=1",
					"$(inherited)",
				);
				GCC_WARN_64_TO_32_BIT_CONVERSION = YES;
				GCC_WARN_ABOUT_RETURN_TYPE = YES_ERROR;
				GCC_WARN_UNDECLARED_SELECTOR = YES;
				GCC_WARN_UNINITIALIZED_AUTOS = YES_AGGRESSIVE;
				GCC_WARN_UNUSED_FUNCTION = YES;
				GCC_WARN_UNUSED_VARIABLE = YES;
				IPHONEOS_DEPLOYMENT_TARGET = 15.0;
				MTL_ENABLE_DEBUG_INFO = INCLUDE_SOURCE;
				MTL_FAST_MATH = YES;
				ONLY_ACTIVE_ARCH = YES;
				SDKROOT = iphoneos;
				SWIFT_ACTIVE_COMPILATION_CONDITIONS = DEBUG;
				SWIFT_OPTIMIZATION_LEVEL = "-Onone";
			};
			name = Debug;
		};
		486D75EC27035F90004DE68E /* Release */ = {
			isa = XCBuildConfiguration;
			buildSettings = {
				ALWAYS_SEARCH_USER_PATHS = NO;
				CLANG_ANALYZER_NONNULL = YES;
				CLANG_ANALYZER_NUMBER_OBJECT_CONVERSION = YES_AGGRESSIVE;
				CLANG_CXX_LANGUAGE_STANDARD = "gnu++17";
				CLANG_CXX_LIBRARY = "libc++";
				CLANG_ENABLE_MODULES = YES;
				CLANG_ENABLE_OBJC_ARC = YES;
				CLANG_ENABLE_OBJC_WEAK = YES;
				CLANG_WARN_BLOCK_CAPTURE_AUTORELEASING = YES;
				CLANG_WARN_BOOL_CONVERSION = YES;
				CLANG_WARN_COMMA = YES;
				CLANG_WARN_CONSTANT_CONVERSION = YES;
				CLANG_WARN_DEPRECATED_OBJC_IMPLEMENTATIONS = YES;
				CLANG_WARN_DIRECT_OBJC_ISA_USAGE = YES_ERROR;
				CLANG_WARN_DOCUMENTATION_COMMENTS = YES;
				CLANG_WARN_EMPTY_BODY = YES;
				CLANG_WARN_ENUM_CONVERSION = YES;
				CLANG_WARN_INFINITE_RECURSION = YES;
				CLANG_WARN_INT_CONVERSION = YES;
				CLANG_WARN_NON_LITERAL_NULL_CONVERSION = YES;
				CLANG_WARN_OBJC_IMPLICIT_RETAIN_SELF = YES;
				CLANG_WARN_OBJC_LITERAL_CONVERSION = YES;
				CLANG_WARN_OBJC_ROOT_CLASS = YES_ERROR;
				CLANG_WARN_QUOTED_INCLUDE_IN_FRAMEWORK_HEADER = YES;
				CLANG_WARN_RANGE_LOOP_ANALYSIS = YES;
				CLANG_WARN_STRICT_PROTOTYPES = YES;
				CLANG_WARN_SUSPICIOUS_MOVE = YES;
				CLANG_WARN_UNGUARDED_AVAILABILITY = YES_AGGRESSIVE;
				CLANG_WARN_UNREACHABLE_CODE = YES;
				CLANG_WARN__DUPLICATE_METHOD_MATCH = YES;
				COPY_PHASE_STRIP = NO;
				DEBUG_INFORMATION_FORMAT = "dwarf-with-dsym";
				ENABLE_NS_ASSERTIONS = NO;
				ENABLE_STRICT_OBJC_MSGSEND = YES;
				GCC_C_LANGUAGE_STANDARD = gnu11;
				GCC_NO_COMMON_BLOCKS = YES;
				GCC_WARN_64_TO_32_BIT_CONVERSION = YES;
				GCC_WARN_ABOUT_RETURN_TYPE = YES_ERROR;
				GCC_WARN_UNDECLARED_SELECTOR = YES;
				GCC_WARN_UNINITIALIZED_AUTOS = YES_AGGRESSIVE;
				GCC_WARN_UNUSED_FUNCTION = YES;
				GCC_WARN_UNUSED_VARIABLE = YES;
				IPHONEOS_DEPLOYMENT_TARGET = 15.0;
				MTL_ENABLE_DEBUG_INFO = NO;
				MTL_FAST_MATH = YES;
				SDKROOT = iphoneos;
				SWIFT_COMPILATION_MODE = wholemodule;
				SWIFT_OPTIMIZATION_LEVEL = "-O";
				VALIDATE_PRODUCT = YES;
			};
			name = Release;
		};
		486D75EE27035F90004DE68E /* Debug */ = {
			isa = XCBuildConfiguration;
			buildSettings = {
				ASSETCATALOG_COMPILER_APPICON_NAME = AppIcon;
				ASSETCATALOG_COMPILER_GLOBAL_ACCENT_COLOR_NAME = AccentColor;
				CODE_SIGN_STYLE = Automatic;
				CURRENT_PROJECT_VERSION = 1;
				DEVELOPMENT_TEAM = M3H42236NT;
				GENERATE_INFOPLIST_FILE = YES;
				INFOPLIST_FILE = Flashcard/Info.plist;
				INFOPLIST_KEY_UIApplicationSupportsIndirectInputEvents = YES;
				INFOPLIST_KEY_UILaunchStoryboardName = LaunchScreen;
				INFOPLIST_KEY_UIMainStoryboardFile = Main;
				INFOPLIST_KEY_UISupportedInterfaceOrientations_iPad = "UIInterfaceOrientationPortrait UIInterfaceOrientationPortraitUpsideDown UIInterfaceOrientationLandscapeLeft UIInterfaceOrientationLandscapeRight";
				INFOPLIST_KEY_UISupportedInterfaceOrientations_iPhone = "UIInterfaceOrientationPortrait UIInterfaceOrientationLandscapeLeft UIInterfaceOrientationLandscapeRight";
				IPHONEOS_DEPLOYMENT_TARGET = 15.2;
				LD_RUNPATH_SEARCH_PATHS = (
					"$(inherited)",
					"@executable_path/Frameworks",
				);
				MARKETING_VERSION = 1.0;
				PRODUCT_BUNDLE_IDENTIFIER = com.NaokiHara.Flashcard;
				PRODUCT_NAME = "$(TARGET_NAME)";
				SWIFT_EMIT_LOC_STRINGS = YES;
				SWIFT_VERSION = 5.0;
				TARGETED_DEVICE_FAMILY = "1,2";
			};
			name = Debug;
		};
		486D75EF27035F90004DE68E /* Release */ = {
			isa = XCBuildConfiguration;
			buildSettings = {
				ASSETCATALOG_COMPILER_APPICON_NAME = AppIcon;
				ASSETCATALOG_COMPILER_GLOBAL_ACCENT_COLOR_NAME = AccentColor;
				CODE_SIGN_STYLE = Automatic;
				CURRENT_PROJECT_VERSION = 1;
				DEVELOPMENT_TEAM = M3H42236NT;
				GENERATE_INFOPLIST_FILE = YES;
				INFOPLIST_FILE = Flashcard/Info.plist;
				INFOPLIST_KEY_UIApplicationSupportsIndirectInputEvents = YES;
				INFOPLIST_KEY_UILaunchStoryboardName = LaunchScreen;
				INFOPLIST_KEY_UIMainStoryboardFile = Main;
				INFOPLIST_KEY_UISupportedInterfaceOrientations_iPad = "UIInterfaceOrientationPortrait UIInterfaceOrientationPortraitUpsideDown UIInterfaceOrientationLandscapeLeft UIInterfaceOrientationLandscapeRight";
				INFOPLIST_KEY_UISupportedInterfaceOrientations_iPhone = "UIInterfaceOrientationPortrait UIInterfaceOrientationLandscapeLeft UIInterfaceOrientationLandscapeRight";
				IPHONEOS_DEPLOYMENT_TARGET = 15.2;
				LD_RUNPATH_SEARCH_PATHS = (
					"$(inherited)",
					"@executable_path/Frameworks",
				);
				MARKETING_VERSION = 1.0;
				PRODUCT_BUNDLE_IDENTIFIER = com.NaokiHara.Flashcard;
				PRODUCT_NAME = "$(TARGET_NAME)";
				SWIFT_EMIT_LOC_STRINGS = YES;
				SWIFT_VERSION = 5.0;
				TARGETED_DEVICE_FAMILY = "1,2";
			};
			name = Release;
		};
/* End XCBuildConfiguration section */

/* Begin XCConfigurationList section */
		486D75D427035F8E004DE68E /* Build configuration list for PBXProject "Flashcard" */ = {
			isa = XCConfigurationList;
			buildConfigurations = (
				486D75EB27035F90004DE68E /* Debug */,
				486D75EC27035F90004DE68E /* Release */,
			);
			defaultConfigurationIsVisible = 0;
			defaultConfigurationName = Release;
		};
		486D75ED27035F90004DE68E /* Build configuration list for PBXNativeTarget "Flashcard" */ = {
			isa = XCConfigurationList;
			buildConfigurations = (
				486D75EE27035F90004DE68E /* Debug */,
				486D75EF27035F90004DE68E /* Release */,
			);
			defaultConfigurationIsVisible = 0;
			defaultConfigurationName = Release;
		};
/* End XCConfigurationList section */
	};
	rootObject = 486D75D127035F8E004DE68E /* Project object */;
}
